
Microsoft Visual Studio Solution File, Format Version 12.00
# Visual Studio 15
VisualStudioVersion = 15.0.28010.2050
MinimumVisualStudioVersion = 10.0.40219.1
Project("{8BC9CEB8-8B4A-11D0-8D11-00A0C91BC942}") = "string", "string\string.vcxproj", "{F13B04AB-4A06-4940-BBD1-6076E818ED88}"
EndProject
Project("{8BC9CEB8-8B4A-11D0-8D11-00A0C91BC942}") = "clinklist", "clinklist\clinklist.vcxproj", "{63E38F73-D977-411B-A1D3-069CE34CAD27}"
EndProject
Project("{8BC9CEB8-8B4A-11D0-8D11-00A0C91BC942}") = "dlinklist", "dlinklist\dlinklist.vcxproj", "{DA5D5893-C55B-4080-96D1-05FCA2293011}"
EndProject
Project("{8BC9CEB8-8B4A-11D0-8D11-00A0C91BC942}") = "cqueue", "cqueue\cqueue.vcxproj", "{D58564FB-796F-49FC-8DE4-F60EEEC29032}"
EndProject
Global
	GlobalSection(SolutionConfigurationPlatforms) = preSolution
		Debug|x64 = Debug|x64
		Debug|x86 = Debug|x86
		Release|x64 = Release|x64
		Release|x86 = Release|x86
	EndGlobalSection
	GlobalSection(ProjectConfigurationPlatforms) = postSolution
		{F13B04AB-4A06-4940-BBD1-6076E818ED88}.Debug|x64.ActiveCfg = Debug|x64
		{F13B04AB-4A06-4940-BBD1-6076E818ED88}.Debug|x64.Build.0 = Debug|x64
		{F13B04AB-4A06-4940-BBD1-6076E818ED88}.Debug|x86.ActiveCfg = Debug|Win32
		{F13B04AB-4A06-4940-BBD1-6076E818ED88}.Debug|x86.Build.0 = Debug|Win32
		{F13B04AB-4A06-4940-BBD1-6076E818ED88}.Release|x64.ActiveCfg = Release|x64
		{F13B04AB-4A06-4940-BBD1-6076E818ED88}.Release|x64.Build.0 = Release|x64
		{F13B04AB-4A06-4940-BBD1-6076E818ED88}.Release|x86.ActiveCfg = Release|Win32
		{F13B04AB-4A06-4940-BBD1-6076E818ED88}.Release|x86.Build.0 = Release|Win32
		{63E38F73-D977-411B-A1D3-069CE34CAD27}.Debug|x64.ActiveCfg = Debug|x64
		{63E38F73-D977-411B-A1D3-069CE34CAD27}.Debug|x64.Build.0 = Debug|x64
		{63E38F73-D977-411B-A1D3-069CE34CAD27}.Debug|x86.ActiveCfg = Debug|Win32
		{63E38F73-D977-411B-A1D3-069CE34CAD27}.Debug|x86.Build.0 = Debug|Win32
		{63E38F73-D977-411B-A1D3-069CE34CAD27}.Release|x64.ActiveCfg = Release|x64
		{63E38F73-D977-411B-A1D3-069CE34CAD27}.Release|x64.Build.0 = Release|x64
		{63E38F73-D977-411B-A1D3-069CE34CAD27}.Release|x86.ActiveCfg = Release|Win32
		{63E38F73-D977-411B-A1D3-069CE34CAD27}.Release|x86.Build.0 = Release|Win32
		{DA5D5893-C55B-4080-96D1-05FCA2293011}.Debug|x64.ActiveCfg = Debug|x64
		{DA5D5893-C55B-4080-96D1-05FCA2293011}.Debug|x64.Build.0 = Debug|x64
		{DA5D5893-C55B-4080-96D1-05FCA2293011}.Debug|x86.ActiveCfg = Debug|Win32
		{DA5D5893-C55B-4080-96D1-05FCA2293011}.Debug|x86.Build.0 = Debug|Win32
		{DA5D5893-C55B-4080-96D1-05FCA2293011}.Release|x64.ActiveCfg = Release|x64
		{DA5D5893-C55B-4080-96D1-05FCA2293011}.Release|x64.Build.0 = Release|x64
		{DA5D5893-C55B-4080-96D1-05FCA2293011}.Release|x86.ActiveCfg = Release|Win32
		{DA5D5893-C55B-4080-96D1-05FCA2293011}.Release|x86.Build.0 = Release|Win32
		{D58564FB-796F-49FC-8DE4-F60EEEC29032}.Debug|x64.ActiveCfg = Debug|x64
		{D58564FB-796F-49FC-8DE4-F60EEEC29032}.Debug|x64.Build.0 = Debug|x64
		{D58564FB-796F-49FC-8DE4-F60EEEC29032}.Debug|x86.ActiveCfg = Debug|Win32
		{D58564FB-796F-49FC-8DE4-F60EEEC29032}.Debug|x86.Build.0 = Debug|Win32
		{D58564FB-796F-49FC-8DE4-F60EEEC29032}.Release|x64.ActiveCfg = Release|x64
		{D58564FB-796F-49FC-8DE4-F60EEEC29032}.Release|x64.Build.0 = Release|x64
		{D58564FB-796F-49FC-8DE4-F60EEEC29032}.Release|x86.ActiveCfg = Release|Win32
		{D58564FB-796F-49FC-8DE4-F60EEEC29032}.Release|x86.Build.0 = Release|Win32
	EndGlobalSection
	GlobalSection(SolutionProperties) = preSolution
		HideSolutionNode = FALSE
	EndGlobalSection
	GlobalSection(ExtensibilityGlobals) = postSolution
		SolutionGuid = {A42A226C-8B0D-4F2D-A442-90FA8B8C7086}
	EndGlobalSection
EndGlobal
